
Microsoft Visual Studio Solution File, Format Version 12.00
# Visual Studio Version 17
VisualStudioVersion = 17.11.35327.3
MinimumVisualStudioVersion = 10.0.40219.1
Project("{9A19103F-16F7-4668-BE54-9A1E7A4F7556}") = "FootballScoreboard", "FootballScoreboard.csproj", "{D952609A-5D7E-451E-AA99-63C3AA780648}"
EndProject
Project("{9A19103F-16F7-4668-BE54-9A1E7A4F7556}") = "FootballScoreboardTests", "..\FootballScoreboardTests\FootballScoreboardTests.csproj", "{9AECE5AA-46A2-490E-A59D-4459CCA09A17}"
EndProject
Global
	GlobalSection(SolutionConfigurationPlatforms) = preSolution
		Debug|Any CPU = Debug|Any CPU
		Release|Any CPU = Release|Any CPU
	EndGlobalSection
	GlobalSection(ProjectConfigurationPlatforms) = postSolution
		{D952609A-5D7E-451E-AA99-63C3AA780648}.Debug|Any CPU.ActiveCfg = Debug|Any CPU
		{D952609A-5D7E-451E-AA99-63C3AA780648}.Debug|Any CPU.Build.0 = Debug|Any CPU
		{D952609A-5D7E-451E-AA99-63C3AA780648}.Release|Any CPU.ActiveCfg = Release|Any CPU
		{D952609A-5D7E-451E-AA99-63C3AA780648}.Release|Any CPU.Build.0 = Release|Any CPU
		{9AECE5AA-46A2-490E-A59D-4459CCA09A17}.Debug|Any CPU.ActiveCfg = Debug|Any CPU
		{9AECE5AA-46A2-490E-A59D-4459CCA09A17}.Debug|Any CPU.Build.0 = Debug|Any CPU
		{9AECE5AA-46A2-490E-A59D-4459CCA09A17}.Release|Any CPU.ActiveCfg = Release|Any CPU
		{9AECE5AA-46A2-490E-A59D-4459CCA09A17}.Release|Any CPU.Build.0 = Release|Any CPU
	EndGlobalSection
	GlobalSection(SolutionProperties) = preSolution
		HideSolutionNode = FALSE
	EndGlobalSection
	GlobalSection(ExtensibilityGlobals) = postSolution
		SolutionGuid = {5AB0E3A0-7CC4-482C-A6B8-B41A6B90B95C}
	EndGlobalSection
EndGlobal
